Microsoft Visual Studio Solution File, Format Version 12.00
# Visual Studio Version 17
VisualStudioVersion = 17.5.2.0
MinimumVisualStudioVersion = 10.0.40219.1
Project("{FAE04EC0-301F-11D3-BF4B-00C04F79EFBC}") = "volunteerplatform", "volunteerplatform\volunteerplatform.csproj", "{948C39CD-A89C-184F-88A6-6332B371D817}"
EndProject
Global
	GlobalSection(SolutionConfigurationPlatforms) = preSolution
		Debug|Any CPU = Debug|Any CPU
		Release|Any CPU = Release|Any CPU
	EndGlobalSection
	GlobalSection(ProjectConfigurationPlatforms) = postSolution
		{948C39CD-A89C-184F-88A6-6332B371D817}.Debug|Any CPU.ActiveCfg = Debug|Any CPU
		{948C39CD-A89C-184F-88A6-6332B371D817}.Debug|Any CPU.Build.0 = Debug|Any CPU
		{948C39CD-A89C-184F-88A6-6332B371D817}.Release|Any CPU.ActiveCfg = Release|Any CPU
		{948C39CD-A89C-184F-88A6-6332B371D817}.Release|Any CPU.Build.0 = Release|Any CPU
	EndGlobalSection
	GlobalSection(SolutionProperties) = preSolution
		HideSolutionNode = FALSE
	EndGlobalSection
	GlobalSection(ExtensibilityGlobals) = postSolution
		SolutionGuid = {83840E37-35C1-471F-9277-DB843EDDF6BE}
	EndGlobalSection
EndGlobal
